
Microsoft Visual Studio Solution File, Format Version 12.00
# Visual Studio Version 17
VisualStudioVersion = 17.14.36414.22 d17.14
MinimumVisualStudioVersion = 10.0.40219.1
Project("{FAE04EC0-301F-11D3-BF4B-00C04F79EFBC}") = "G-NET-23-OOP-6", "G-NET-23-OOP-6.csproj", "{36ECF996-BE77-466F-9C55-D4DBDF929CA1}"
EndProject
Global
	GlobalSection(SolutionConfigurationPlatforms) = preSolution
		Debug|Any CPU = Debug|Any CPU
		Release|Any CPU = Release|Any CPU
	EndGlobalSection
	GlobalSection(ProjectConfigurationPlatforms) = postSolution
		{36ECF996-BE77-466F-9C55-D4DBDF929CA1}.Debug|Any CPU.ActiveCfg = Debug|Any CPU
		{36ECF996-BE77-466F-9C55-D4DBDF929CA1}.Debug|Any CPU.Build.0 = Debug|Any CPU
		{36ECF996-BE77-466F-9C55-D4DBDF929CA1}.Release|Any CPU.ActiveCfg = Release|Any CPU
		{36ECF996-BE77-466F-9C55-D4DBDF929CA1}.Release|Any CPU.Build.0 = Release|Any CPU
	EndGlobalSection
	GlobalSection(SolutionProperties) = preSolution
		HideSolutionNode = FALSE
	EndGlobalSection
	GlobalSection(ExtensibilityGlobals) = postSolution
		SolutionGuid = {C01D5C2B-2156-409E-B479-D777D3EF7384}
	EndGlobalSection
EndGlobal
