
Microsoft Visual Studio Solution File, Format Version 12.00
# Visual Studio Version 17
VisualStudioVersion = 17.14.36414.22 d17.14
MinimumVisualStudioVersion = 10.0.40219.1
Project("{FAE04EC0-301F-11D3-BF4B-00C04F79EFBC}") = "G-NET-23-AdV03", "G-NET-23-AdV03.csproj", "{4FFBF364-0F8E-4F44-8D91-9DA5A393292C}"
EndProject
Global
	GlobalSection(SolutionConfigurationPlatforms) = preSolution
		Debug|Any CPU = Debug|Any CPU
		Release|Any CPU = Release|Any CPU
	EndGlobalSection
	GlobalSection(ProjectConfigurationPlatforms) = postSolution
		{4FFBF364-0F8E-4F44-8D91-9DA5A393292C}.Debug|Any CPU.ActiveCfg = Debug|Any CPU
		{4FFBF364-0F8E-4F44-8D91-9DA5A393292C}.Debug|Any CPU.Build.0 = Debug|Any CPU
		{4FFBF364-0F8E-4F44-8D91-9DA5A393292C}.Release|Any CPU.ActiveCfg = Release|Any CPU
		{4FFBF364-0F8E-4F44-8D91-9DA5A393292C}.Release|Any CPU.Build.0 = Release|Any CPU
	EndGlobalSection
	GlobalSection(SolutionProperties) = preSolution
		HideSolutionNode = FALSE
	EndGlobalSection
	GlobalSection(ExtensibilityGlobals) = postSolution
		SolutionGuid = {A00DFE1F-571B-46BC-A77A-F62E05FC3BD3}
	EndGlobalSection
EndGlobal
