
Microsoft Visual Studio Solution File, Format Version 12.00
# Visual Studio Version 17
VisualStudioVersion = 17.14.36915.13 d17.14
MinimumVisualStudioVersion = 10.0.40219.1
Project("{FAE04EC0-301F-11D3-BF4B-00C04F79EFBC}") = "Assignmen-C#-01", "Assignmen-C#-01\Assignmen-C#-01.csproj", "{529AB6DB-DF99-446B-A9F5-A4678ADA6F7F}"
EndProject
Global
	GlobalSection(SolutionConfigurationPlatforms) = preSolution
		Debug|Any CPU = Debug|Any CPU
		Release|Any CPU = Release|Any CPU
	EndGlobalSection
	GlobalSection(ProjectConfigurationPlatforms) = postSolution
		{529AB6DB-DF99-446B-A9F5-A4678ADA6F7F}.Debug|Any CPU.ActiveCfg = Debug|Any CPU
		{529AB6DB-DF99-446B-A9F5-A4678ADA6F7F}.Debug|Any CPU.Build.0 = Debug|Any CPU
		{529AB6DB-DF99-446B-A9F5-A4678ADA6F7F}.Release|Any CPU.ActiveCfg = Release|Any CPU
		{529AB6DB-DF99-446B-A9F5-A4678ADA6F7F}.Release|Any CPU.Build.0 = Release|Any CPU
	EndGlobalSection
	GlobalSection(SolutionProperties) = preSolution
		HideSolutionNode = FALSE
	EndGlobalSection
	GlobalSection(ExtensibilityGlobals) = postSolution
		SolutionGuid = {4E7854F6-5713-4997-8B25-CA0B0D13AAE6}
	EndGlobalSection
EndGlobal
