
Microsoft Visual Studio Solution File, Format Version 12.00
# Visual Studio Version 17
VisualStudioVersion = 17.14.36414.22 d17.14
MinimumVisualStudioVersion = 10.0.40219.1
Project("{FAE04EC0-301F-11D3-BF4B-00C04F79EFBC}") = "G-NET-23-LINQ01", "G-NET-23-LINQ01.csproj", "{D342E04F-4747-477E-A650-82CA5A9B79CB}"
EndProject
Global
	GlobalSection(SolutionConfigurationPlatforms) = preSolution
		Debug|Any CPU = Debug|Any CPU
		Release|Any CPU = Release|Any CPU
	EndGlobalSection
	GlobalSection(ProjectConfigurationPlatforms) = postSolution
		{D342E04F-4747-477E-A650-82CA5A9B79CB}.Debug|Any CPU.ActiveCfg = Debug|Any CPU
		{D342E04F-4747-477E-A650-82CA5A9B79CB}.Debug|Any CPU.Build.0 = Debug|Any CPU
		{D342E04F-4747-477E-A650-82CA5A9B79CB}.Release|Any CPU.ActiveCfg = Release|Any CPU
		{D342E04F-4747-477E-A650-82CA5A9B79CB}.Release|Any CPU.Build.0 = Release|Any CPU
	EndGlobalSection
	GlobalSection(SolutionProperties) = preSolution
		HideSolutionNode = FALSE
	EndGlobalSection
	GlobalSection(ExtensibilityGlobals) = postSolution
		SolutionGuid = {CCA83B46-3B0C-4E68-AC50-CDB559F871F5}
	EndGlobalSection
EndGlobal
