
Microsoft Visual Studio Solution File, Format Version 12.00
# Visual Studio Version 17
VisualStudioVersion = 17.14.36414.22 d17.14
MinimumVisualStudioVersion = 10.0.40219.1
Project("{FAE04EC0-301F-11D3-BF4B-00C04F79EFBC}") = "PaymentSystem", "PaymentSystem.csproj", "{8B57BA17-790C-4F7D-B20E-58EDBCE225EA}"
EndProject
Global
	GlobalSection(SolutionConfigurationPlatforms) = preSolution
		Debug|Any CPU = Debug|Any CPU
		Release|Any CPU = Release|Any CPU
	EndGlobalSection
	GlobalSection(ProjectConfigurationPlatforms) = postSolution
		{8B57BA17-790C-4F7D-B20E-58EDBCE225EA}.Debug|Any CPU.ActiveCfg = Debug|Any CPU
		{8B57BA17-790C-4F7D-B20E-58EDBCE225EA}.Debug|Any CPU.Build.0 = Debug|Any CPU
		{8B57BA17-790C-4F7D-B20E-58EDBCE225EA}.Release|Any CPU.ActiveCfg = Release|Any CPU
		{8B57BA17-790C-4F7D-B20E-58EDBCE225EA}.Release|Any CPU.Build.0 = Release|Any CPU
	EndGlobalSection
	GlobalSection(SolutionProperties) = preSolution
		HideSolutionNode = FALSE
	EndGlobalSection
	GlobalSection(ExtensibilityGlobals) = postSolution
		SolutionGuid = {79678CCD-6B6D-4E18-A7B6-24DDAA9B8D05}
	EndGlobalSection
EndGlobal
